# This file is automatically @generated by Poetry 1.5.1 and should not be changed by hand.

[[package]]
name = "asgiref"
version = "3.7.2"
description = "ASGI specs, helper code, and adapters"
optional = false
python-versions = ">=3.7"
files = [
    {file = "asgiref-3.7.2-py3-none-any.whl", hash = "sha256:89b2ef2247e3b562a16eef663bc0e2e703ec6468e2fa8a5cd61cd449786d4f6e"},
    {file = "asgiref-3.7.2.tar.gz", hash = "sha256:9e0ce3aa93a819ba5b45120216b23878cf6e8525eb3848653452b4192b92afed"},
]

[package.extras]
tests = ["mypy (>=0.800)", "pytest", "pytest-asyncio"]

[[package]]
name = "autopep8"
version = "2.0.4"
description = "A tool that automatically formats Python code to conform to the PEP 8 style guide"
optional = false
python-versions = ">=3.6"
files = [
    {file = "autopep8-2.0.4-py2.py3-none-any.whl", hash = "sha256:067959ca4a07b24dbd5345efa8325f5f58da4298dab0dde0443d5ed765de80cb"},
    {file = "autopep8-2.0.4.tar.gz", hash = "sha256:2913064abd97b3419d1cc83ea71f042cb821f87e45b9c88cad5ad3c4ea87fe0c"},
]

[package.dependencies]
pycodestyle = ">=2.10.0"

[[package]]
name = "colorama"
version = "0.4.6"
description = "Cross-platform colored terminal text."
optional = false
python-versions = "!=3.0.*,!=3.1.*,!=3.2.*,!=3.3.*,!=3.4.*,!=3.5.*,!=3.6.*,>=2.7"
files = [
    {file = "colorama-0.4.6-py2.py3-none-any.whl", hash = "sha256:4f1d9991f5acc0ca119f9d443620b77f9d6b33703e51011c16baf57afb285fc6"},
    {file = "colorama-0.4.6.tar.gz", hash = "sha256:08695f5cb7ed6e0531a20572697297273c47b8cae5a63ffc6d6ed5c201be6e44"},
]

[[package]]
name = "django"
version = "4.2.7"
description = "A high-level Python web framework that encourages rapid development and clean, pragmatic design."
optional = false
python-versions = ">=3.8"
files = [
    {file = "Django-4.2.7-py3-none-any.whl", hash = "sha256:e1d37c51ad26186de355cbcec16613ebdabfa9689bbade9c538835205a8abbe9"},
    {file = "Django-4.2.7.tar.gz", hash = "sha256:8e0f1c2c2786b5c0e39fe1afce24c926040fad47c8ea8ad30aaf1188df29fc41"},
]

[package.dependencies]
asgiref = ">=3.6.0,<4"
sqlparse = ">=0.3.1"
tzdata = {version = "*", markers = "sys_platform == \"win32\""}

[package.extras]
argon2 = ["argon2-cffi (>=19.1.0)"]
bcrypt = ["bcrypt"]

[[package]]
name = "django-stubs"
version = "4.2.6"
description = "Mypy stubs for Django"
optional = false
python-versions = ">=3.8"
files = [
    {file = "django-stubs-4.2.6.tar.gz", hash = "sha256:e60b43de662a199db4b15c803c06669e0ac5035614af291cbd3b91591f7dcc94"},
    {file = "django_stubs-4.2.6-py3-none-any.whl", hash = "sha256:2fcd257884a68dfa02de41ee5410ec805264d9b07d9b5b119e4dea82c7b8345e"},
]

[package.dependencies]
django = "*"
django-stubs-ext = ">=4.2.5"
types-pytz = "*"
types-PyYAML = "*"
typing-extensions = "*"

[package.extras]
compatible-mypy = ["mypy (>=1.6.0,<1.7.0)"]

[[package]]
name = "django-stubs-ext"
version = "4.2.5"
description = "Monkey-patching and extensions for django-stubs"
optional = false
python-versions = ">=3.8"
files = [
    {file = "django-stubs-ext-4.2.5.tar.gz", hash = "sha256:8c4d1fb5f68419b3b2474c659681a189803e27d6a5e5abf5aa0da57601b58633"},
    {file = "django_stubs_ext-4.2.5-py3-none-any.whl", hash = "sha256:921cd7ae4614e74c234bc0fe86ee75537d163addfe1fc6f134bf03e29d86c01e"},
]

[package.dependencies]
django = "*"
typing-extensions = "*"

[[package]]
name = "djangorestframework"
version = "3.14.0"
description = "Web APIs for Django, made easy."
optional = false
python-versions = ">=3.6"
files = [
    {file = "djangorestframework-3.14.0-py3-none-any.whl", hash = "sha256:eb63f58c9f218e1a7d064d17a70751f528ed4e1d35547fdade9aaf4cd103fd08"},
    {file = "djangorestframework-3.14.0.tar.gz", hash = "sha256:579a333e6256b09489cbe0a067e66abe55c6595d8926be6b99423786334350c8"},
]

[package.dependencies]
django = ">=3.0"
pytz = "*"

[[package]]
name = "faker"
version = "12.0.1"
description = "Faker is a Python package that generates fake data for you."
optional = false
python-versions = ">=3.6"
files = [
    {file = "Faker-12.0.1-py3-none-any.whl", hash = "sha256:1dc2811f20e163892fefe7006f2ce00778f8099a40aee265bfa60a13400de63d"},
    {file = "Faker-12.0.1.tar.gz", hash = "sha256:aa7103805ae793277abbb85da9f6f05e76a1a295a9384a8e17c2fba2b3a690cb"},
]

[package.dependencies]
python-dateutil = ">=2.4"

[[package]]
name = "iniconfig"
version = "2.0.0"
description = "brain-dead simple config-ini parsing"
optional = false
python-versions = ">=3.7"
files = [
    {file = "iniconfig-2.0.0-py3-none-any.whl", hash = "sha256:b6a85871a79d2e3b22d2d1b94ac2824226a63c6b741c88f7ae975f18b6778374"},
    {file = "iniconfig-2.0.0.tar.gz", hash = "sha256:2d91e135bf72d31a410b17c16da610a82cb55f6b0477d1a902134b24a455b8b3"},
]

[[package]]
name = "mixer"
version = "7.2.2"
description = "Mixer -- Is a fixtures replacement. Supported Django ORM, SqlAlchemy ORM, Mongoengine ODM and custom python objects."
optional = false
python-versions = ">=3.7"
files = [
    {file = "mixer-7.2.2-py3-none-any.whl", hash = "sha256:8089b8e2d00288c77e622936198f5dd03c8ac1603a1530a4f870dc213363b2ae"},
    {file = "mixer-7.2.2.tar.gz", hash = "sha256:9b3f1a261b56d8f2394f39955f83adbc7ff3ab4bb1065ebfec19a10d3e8501e0"},
]

[package.dependencies]
Faker = ">=5.4.0,<12.1"

[package.extras]
tests = ["Django (>=3.0)", "Flask (>=1.0)", "Marshmallow (>=3.9)", "SQLAlchemy (>=1.1.4)", "flask-sqlalchemy (>=2.1)", "mongoengine (>=0.10.1)", "peewee (>=3.7.0)", "pony (>=0.7)", "psycopg2-binary (>=2.8.4)", "pytest"]

[[package]]
name = "packaging"
version = "23.2"
description = "Core utilities for Python packages"
optional = false
python-versions = ">=3.7"
files = [
    {file = "packaging-23.2-py3-none-any.whl", hash = "sha256:8c491190033a9af7e1d931d0b5dacc2ef47509b34dd0de67ed209b5203fc88c7"},
    {file = "packaging-23.2.tar.gz", hash = "sha256:048fb0e9405036518eaaf48a55953c750c11e1a1b68e0dd1a9d62ed0c092cfc5"},
]

[[package]]
name = "pluggy"
version = "1.3.0"
description = "plugin and hook calling mechanisms for python"
optional = false
python-versions = ">=3.8"
files = [
    {file = "pluggy-1.3.0-py3-none-any.whl", hash = "sha256:d89c696a773f8bd377d18e5ecda92b7a3793cbe66c87060a6fb58c7b6e1061f7"},
    {file = "pluggy-1.3.0.tar.gz", hash = "sha256:cf61ae8f126ac6f7c451172cf30e3e43d3ca77615509771b3a984a0730651e12"},
]

[package.extras]
dev = ["pre-commit", "tox"]
testing = ["pytest", "pytest-benchmark"]

[[package]]
name = "pycodestyle"
version = "2.11.1"
description = "Python style guide checker"
optional = false
python-versions = ">=3.8"
files = [
    {file = "pycodestyle-2.11.1-py2.py3-none-any.whl", hash = "sha256:44fe31000b2d866f2e41841b18528a505fbd7fef9017b04eff4e2648a0fadc67"},
    {file = "pycodestyle-2.11.1.tar.gz", hash = "sha256:41ba0e7afc9752dfb53ced5489e89f8186be00e599e712660695b7a75ff2663f"},
]

[[package]]
name = "pytest"
version = "7.4.2"
description = "pytest: simple powerful testing with Python"
optional = false
python-versions = ">=3.7"
files = [
    {file = "pytest-7.4.2-py3-none-any.whl", hash = "sha256:1d881c6124e08ff0a1bb75ba3ec0bfd8b5354a01c194ddd5a0a870a48d99b002"},
    {file = "pytest-7.4.2.tar.gz", hash = "sha256:a766259cfab564a2ad52cb1aae1b881a75c3eb7e34ca3779697c23ed47c47069"},
]

[package.dependencies]
colorama = {version = "*", markers = "sys_platform == \"win32\""}
iniconfig = "*"
packaging = "*"
pluggy = ">=0.12,<2.0"

[package.extras]
testing = ["argcomplete", "attrs (>=19.2.0)", "hypothesis (>=3.56)", "mock", "nose", "pygments (>=2.7.2)", "requests", "setuptools", "xmlschema"]

[[package]]
name = "pytest-django"
version = "4.7.0"
description = "A Django plugin for pytest."
optional = false
python-versions = ">=3.8"
files = [
    {file = "pytest-django-4.7.0.tar.gz", hash = "sha256:92d6fd46b1d79b54fb6b060bbb39428073396cec717d5f2e122a990d4b6aa5e8"},
    {file = "pytest_django-4.7.0-py3-none-any.whl", hash = "sha256:4e1c79d5261ade2dd58d91208017cd8f62cb4710b56e012ecd361d15d5d662a2"},
]

[package.dependencies]
pytest = ">=7.0.0"

[package.extras]
docs = ["sphinx", "sphinx-rtd-theme"]
testing = ["Django", "django-configurations (>=2.0)"]

[[package]]
name = "python-dateutil"
version = "2.8.2"
description = "Extensions to the standard Python datetime module"
optional = false
python-versions = "!=3.0.*,!=3.1.*,!=3.2.*,>=2.7"
files = [
    {file = "python-dateutil-2.8.2.tar.gz", hash = "sha256:0123cacc1627ae19ddf3c27a5de5bd67ee4586fbdd6440d9748f8abb483d3e86"},
    {file = "python_dateutil-2.8.2-py2.py3-none-any.whl", hash = "sha256:961d03dc3453ebbc59dbdea9e4e11c5651520a876d0f4db161e8674aae935da9"},
]

[package.dependencies]
six = ">=1.5"

[[package]]
name = "pytz"
version = "2023.3.post1"
description = "World timezone definitions, modern and historical"
optional = false
python-versions = "*"
files = [
    {file = "pytz-2023.3.post1-py2.py3-none-any.whl", hash = "sha256:ce42d816b81b68506614c11e8937d3aa9e41007ceb50bfdcb0749b921bf646c7"},
    {file = "pytz-2023.3.post1.tar.gz", hash = "sha256:7b4fddbeb94a1eba4b557da24f19fdf9db575192544270a9101d8509f9f43d7b"},
]

[[package]]
name = "ruff"
version = "0.1.1"
description = "An extremely fast Python linter, written in Rust."
optional = false
python-versions = ">=3.7"
files = [
    {file = "ruff-0.1.1-py3-none-macosx_10_7_x86_64.whl", hash = "sha256:b7cdc893aef23ccc14c54bd79a8109a82a2c527e11d030b62201d86f6c2b81c5"},
    {file = "ruff-0.1.1-py3-none-macosx_10_9_x86_64.macosx_11_0_arm64.macosx_10_9_universal2.whl", hash = "sha256:620d4b34302538dbd8bbbe8fdb8e8f98d72d29bd47e972e2b59ce6c1e8862257"},
    {file = "ruff-0.1.1-py3-none-manylinux_2_17_aarch64.manylinux2014_aarch64.whl", hash = "sha256:2a909d3930afdbc2e9fd893b0034479e90e7981791879aab50ce3d9f55205bd6"},
    {file = "ruff-0.1.1-py3-none-manylinux_2_17_armv7l.manylinux2014_armv7l.whl", hash = "sha256:3305d1cb4eb8ff6d3e63a48d1659d20aab43b49fe987b3ca4900528342367145"},
    {file = "ruff-0.1.1-py3-none-manylinux_2_17_i686.manylinux2014_i686.whl", hash = "sha256:c34ae501d0ec71acf19ee5d4d889e379863dcc4b796bf8ce2934a9357dc31db7"},
    {file = "ruff-0.1.1-py3-none-manylinux_2_17_ppc64.manylinux2014_ppc64.whl", hash = "sha256:6aa7e63c3852cf8fe62698aef31e563e97143a4b801b57f920012d0e07049a8d"},
    {file = "ruff-0.1.1-py3-none-manylinux_2_17_ppc64le.manylinux2014_ppc64le.whl", hash = "sha256:2d68367d1379a6b47e61bc9de144a47bcdb1aad7903bbf256e4c3d31f11a87ae"},
    {file = "ruff-0.1.1-py3-none-manylinux_2_17_s390x.manylinux2014_s390x.whl", hash = "sha256:bc11955f6ce3398d2afe81ad7e49d0ebf0a581d8bcb27b8c300281737735e3a3"},
    {file = "ruff-0.1.1-py3-none-manylinux_2_17_x86_64.manylinux2014_x86_64.whl", hash = "sha256:cbbd8eead88ea83a250499074e2a8e9d80975f0b324b1e2e679e4594da318c25"},
    {file = "ruff-0.1.1-py3-none-musllinux_1_2_aarch64.whl", hash = "sha256:f4780e2bb52f3863a565ec3f699319d3493b83ff95ebbb4993e59c62aaf6e75e"},
    {file = "ruff-0.1.1-py3-none-musllinux_1_2_armv7l.whl", hash = "sha256:8f5b24daddf35b6c207619301170cae5d2699955829cda77b6ce1e5fc69340df"},
    {file = "ruff-0.1.1-py3-none-musllinux_1_2_i686.whl", hash = "sha256:d3f9ac658ba29e07b95c80fa742b059a55aefffa8b1e078bc3c08768bdd4b11a"},
    {file = "ruff-0.1.1-py3-none-musllinux_1_2_x86_64.whl", hash = "sha256:3521bf910104bf781e6753282282acc145cbe3eff79a1ce6b920404cd756075a"},
    {file = "ruff-0.1.1-py3-none-win32.whl", hash = "sha256:ba3208543ab91d3e4032db2652dcb6c22a25787b85b8dc3aeff084afdc612e5c"},
    {file = "ruff-0.1.1-py3-none-win_amd64.whl", hash = "sha256:3ff3006c97d9dc396b87fb46bb65818e614ad0181f059322df82bbfe6944e264"},
    {file = "ruff-0.1.1-py3-none-win_arm64.whl", hash = "sha256:e140bd717c49164c8feb4f65c644046fe929c46f42493672853e3213d7bdbce2"},
    {file = "ruff-0.1.1.tar.gz", hash = "sha256:c90461ae4abec261609e5ea436de4a4b5f2822921cf04c16d2cc9327182dbbcc"},
]

[[package]]
name = "six"
version = "1.16.0"
description = "Python 2 and 3 compatibility utilities"
optional = false
python-versions = ">=2.7, !=3.0.*, !=3.1.*, !=3.2.*"
files = [
    {file = "six-1.16.0-py2.py3-none-any.whl", hash = "sha256:8abb2f1d86890a2dfb989f9a77cfcfd3e47c2a354b01111771326f8aa26e0254"},
    {file = "six-1.16.0.tar.gz", hash = "sha256:1e61c37477a1626458e36f7b1d82aa5c9b094fa4802892072e49de9c60c4c926"},
]

[[package]]
name = "sqlparse"
version = "0.4.4"
description = "A non-validating SQL parser."
optional = false
python-versions = ">=3.5"
files = [
    {file = "sqlparse-0.4.4-py3-none-any.whl", hash = "sha256:5430a4fe2ac7d0f93e66f1efc6e1338a41884b7ddf2a350cedd20ccc4d9d28f3"},
    {file = "sqlparse-0.4.4.tar.gz", hash = "sha256:d446183e84b8349fa3061f0fe7f06ca94ba65b426946ffebe6e3e8295332420c"},
]

[package.extras]
dev = ["build", "flake8"]
doc = ["sphinx"]
test = ["pytest", "pytest-cov"]

[[package]]
name = "types-pytz"
version = "2023.3.1.1"
description = "Typing stubs for pytz"
optional = false
python-versions = "*"
files = [
    {file = "types-pytz-2023.3.1.1.tar.gz", hash = "sha256:cc23d0192cd49c8f6bba44ee0c81e4586a8f30204970fc0894d209a6b08dab9a"},
    {file = "types_pytz-2023.3.1.1-py3-none-any.whl", hash = "sha256:1999a123a3dc0e39a2ef6d19f3f8584211de9e6a77fe7a0259f04a524e90a5cf"},
]

[[package]]
name = "types-pyyaml"
version = "6.0.12.12"
description = "Typing stubs for PyYAML"
optional = false
python-versions = "*"
files = [
    {file = "types-PyYAML-6.0.12.12.tar.gz", hash = "sha256:334373d392fde0fdf95af5c3f1661885fa10c52167b14593eb856289e1855062"},
    {file = "types_PyYAML-6.0.12.12-py3-none-any.whl", hash = "sha256:c05bc6c158facb0676674b7f11fe3960db4f389718e19e62bd2b84d6205cfd24"},
]

[[package]]
name = "typing-extensions"
version = "4.8.0"
description = "Backported and Experimental Type Hints for Python 3.8+"
optional = false
python-versions = ">=3.8"
files = [
    {file = "typing_extensions-4.8.0-py3-none-any.whl", hash = "sha256:8f92fc8806f9a6b641eaa5318da32b44d401efaac0f6678c9bc448ba3605faa0"},
    {file = "typing_extensions-4.8.0.tar.gz", hash = "sha256:df8e4339e9cb77357558cbdbceca33c303714cf861d1eef15e1070055ae8b7ef"},
]

[[package]]
name = "tzdata"
version = "2023.3"
description = "Provider of IANA time zone data"
optional = false
python-versions = ">=2"
files = [
    {file = "tzdata-2023.3-py2.py3-none-any.whl", hash = "sha256:7e65763eef3120314099b6939b5546db7adce1e7d6f2e179e3df563c70511eda"},
    {file = "tzdata-2023.3.tar.gz", hash = "sha256:11ef1e08e54acb0d4f95bdb1be05da659673de4acbd21bf9c69e94cc5e907a3a"},
]

[metadata]
lock-version = "2.0"
python-versions = "^3.12"
content-hash = "e77a6b832afc5a74abea7c9ca31d63577bf19a475fb4f104391fada073ed9f6b"
